
Microsoft Visual Studio Solution File, Format Version 12.00
# Visual Studio 15
VisualStudioVersion = 15.0.27130.2027
MinimumVisualStudioVersion = 10.0.40219.1
Project("{FAE04EC0-301F-11D3-BF4B-00C04F79EFBC}") = "A5", "A5\A5.csproj", "{F9EE39A5-9C20-4825-84BF-24B83AA25F39}"
EndProject
Project("{FAE04EC0-301F-11D3-BF4B-00C04F79EFBC}") = "A5Tests", "A5Tests\A5Tests.csproj", "{802B6537-062D-44F7-9B1E-10D8DECB172E}"
EndProject
Project("{FAE04EC0-301F-11D3-BF4B-00C04F79EFBC}") = "TestCommon", "..\Common\TestCommon\TestCommon.csproj", "{C39FF0C4-6960-42AD-8E2C-D2CAFE850A52}"
EndProject
Global
	GlobalSection(SolutionConfigurationPlatforms) = preSolution
		Debug|Any CPU = Debug|Any CPU
		Release|Any CPU = Release|Any CPU
	EndGlobalSection
	GlobalSection(ProjectConfigurationPlatforms) = postSolution
		{F9EE39A5-9C20-4825-84BF-24B83AA25F39}.Debug|Any CPU.ActiveCfg = Debug|Any CPU
		{F9EE39A5-9C20-4825-84BF-24B83AA25F39}.Debug|Any CPU.Build.0 = Debug|Any CPU
		{F9EE39A5-9C20-4825-84BF-24B83AA25F39}.Release|Any CPU.ActiveCfg = Release|Any CPU
		{F9EE39A5-9C20-4825-84BF-24B83AA25F39}.Release|Any CPU.Build.0 = Release|Any CPU
		{802B6537-062D-44F7-9B1E-10D8DECB172E}.Debug|Any CPU.ActiveCfg = Debug|Any CPU
		{802B6537-062D-44F7-9B1E-10D8DECB172E}.Debug|Any CPU.Build.0 = Debug|Any CPU
		{802B6537-062D-44F7-9B1E-10D8DECB172E}.Release|Any CPU.ActiveCfg = Release|Any CPU
		{802B6537-062D-44F7-9B1E-10D8DECB172E}.Release|Any CPU.Build.0 = Release|Any CPU
		{C39FF0C4-6960-42AD-8E2C-D2CAFE850A52}.Debug|Any CPU.ActiveCfg = Debug|Any CPU
		{C39FF0C4-6960-42AD-8E2C-D2CAFE850A52}.Debug|Any CPU.Build.0 = Debug|Any CPU
		{C39FF0C4-6960-42AD-8E2C-D2CAFE850A52}.Release|Any CPU.ActiveCfg = Release|Any CPU
		{C39FF0C4-6960-42AD-8E2C-D2CAFE850A52}.Release|Any CPU.Build.0 = Release|Any CPU
	EndGlobalSection
	GlobalSection(SolutionProperties) = preSolution
		HideSolutionNode = FALSE
	EndGlobalSection
	GlobalSection(ExtensibilityGlobals) = postSolution
		SolutionGuid = {DF195D1E-6D45-4BBE-BAAC-68B4E4160CC0}
	EndGlobalSection
EndGlobal
