
Microsoft Visual Studio Solution File, Format Version 12.00
# Visual Studio 15
VisualStudioVersion = 15.0.27130.2027
MinimumVisualStudioVersion = 10.0.40219.1
Project("{FAE04EC0-301F-11D3-BF4B-00C04F79EFBC}") = "A3", "A3\A3.csproj", "{22AD06B7-763E-46FF-AE11-E51A4C330075}"
EndProject
Project("{FAE04EC0-301F-11D3-BF4B-00C04F79EFBC}") = "A3Tests2", "A3Tests2\A3Tests2.csproj", "{088D7A2C-F5BF-4935-9136-25922D218461}"
EndProject
Project("{FAE04EC0-301F-11D3-BF4B-00C04F79EFBC}") = "TestCommon", "..\Common\TestCommon\TestCommon.csproj", "{C39FF0C4-6960-42AD-8E2C-D2CAFE850A52}"
EndProject
Global
	GlobalSection(SolutionConfigurationPlatforms) = preSolution
		Debug|Any CPU = Debug|Any CPU
		Release|Any CPU = Release|Any CPU
	EndGlobalSection
	GlobalSection(ProjectConfigurationPlatforms) = postSolution
		{22AD06B7-763E-46FF-AE11-E51A4C330075}.Debug|Any CPU.ActiveCfg = Debug|Any CPU
		{22AD06B7-763E-46FF-AE11-E51A4C330075}.Debug|Any CPU.Build.0 = Debug|Any CPU
		{22AD06B7-763E-46FF-AE11-E51A4C330075}.Release|Any CPU.ActiveCfg = Release|Any CPU
		{22AD06B7-763E-46FF-AE11-E51A4C330075}.Release|Any CPU.Build.0 = Release|Any CPU
		{088D7A2C-F5BF-4935-9136-25922D218461}.Debug|Any CPU.ActiveCfg = Debug|Any CPU
		{088D7A2C-F5BF-4935-9136-25922D218461}.Debug|Any CPU.Build.0 = Debug|Any CPU
		{088D7A2C-F5BF-4935-9136-25922D218461}.Release|Any CPU.ActiveCfg = Release|Any CPU
		{088D7A2C-F5BF-4935-9136-25922D218461}.Release|Any CPU.Build.0 = Release|Any CPU
		{C39FF0C4-6960-42AD-8E2C-D2CAFE850A52}.Debug|Any CPU.ActiveCfg = Debug|Any CPU
		{C39FF0C4-6960-42AD-8E2C-D2CAFE850A52}.Debug|Any CPU.Build.0 = Debug|Any CPU
		{C39FF0C4-6960-42AD-8E2C-D2CAFE850A52}.Release|Any CPU.ActiveCfg = Release|Any CPU
		{C39FF0C4-6960-42AD-8E2C-D2CAFE850A52}.Release|Any CPU.Build.0 = Release|Any CPU
	EndGlobalSection
	GlobalSection(SolutionProperties) = preSolution
		HideSolutionNode = FALSE
	EndGlobalSection
	GlobalSection(ExtensibilityGlobals) = postSolution
		SolutionGuid = {FAEDDCD1-5C65-4744-95BA-0FD236E85A71}
	EndGlobalSection
EndGlobal
