
Microsoft Visual Studio Solution File, Format Version 12.00
# Visual Studio 15
VisualStudioVersion = 15.0.27130.2027
MinimumVisualStudioVersion = 10.0.40219.1
Project("{FAE04EC0-301F-11D3-BF4B-00C04F79EFBC}") = "A7", "A7\A7.csproj", "{0D9E60F6-B658-49EC-8CF1-941B8291BB23}"
EndProject
Project("{FAE04EC0-301F-11D3-BF4B-00C04F79EFBC}") = "A7Tests", "A7Tests\A7Tests.csproj", "{63707823-550D-466A-A43F-726CAA9553EF}"
EndProject
Project("{FAE04EC0-301F-11D3-BF4B-00C04F79EFBC}") = "TestCommon", "..\Common\TestCommon\TestCommon.csproj", "{C39FF0C4-6960-42AD-8E2C-D2CAFE850A52}"
EndProject
Global
	GlobalSection(SolutionConfigurationPlatforms) = preSolution
		Debug|Any CPU = Debug|Any CPU
		Release|Any CPU = Release|Any CPU
	EndGlobalSection
	GlobalSection(ProjectConfigurationPlatforms) = postSolution
		{0D9E60F6-B658-49EC-8CF1-941B8291BB23}.Debug|Any CPU.ActiveCfg = Debug|Any CPU
		{0D9E60F6-B658-49EC-8CF1-941B8291BB23}.Debug|Any CPU.Build.0 = Debug|Any CPU
		{0D9E60F6-B658-49EC-8CF1-941B8291BB23}.Release|Any CPU.ActiveCfg = Release|Any CPU
		{0D9E60F6-B658-49EC-8CF1-941B8291BB23}.Release|Any CPU.Build.0 = Release|Any CPU
		{63707823-550D-466A-A43F-726CAA9553EF}.Debug|Any CPU.ActiveCfg = Debug|Any CPU
		{63707823-550D-466A-A43F-726CAA9553EF}.Debug|Any CPU.Build.0 = Debug|Any CPU
		{63707823-550D-466A-A43F-726CAA9553EF}.Release|Any CPU.ActiveCfg = Release|Any CPU
		{63707823-550D-466A-A43F-726CAA9553EF}.Release|Any CPU.Build.0 = Release|Any CPU
		{C39FF0C4-6960-42AD-8E2C-D2CAFE850A52}.Debug|Any CPU.ActiveCfg = Debug|Any CPU
		{C39FF0C4-6960-42AD-8E2C-D2CAFE850A52}.Debug|Any CPU.Build.0 = Debug|Any CPU
		{C39FF0C4-6960-42AD-8E2C-D2CAFE850A52}.Release|Any CPU.ActiveCfg = Release|Any CPU
		{C39FF0C4-6960-42AD-8E2C-D2CAFE850A52}.Release|Any CPU.Build.0 = Release|Any CPU
	EndGlobalSection
	GlobalSection(SolutionProperties) = preSolution
		HideSolutionNode = FALSE
	EndGlobalSection
	GlobalSection(ExtensibilityGlobals) = postSolution
		SolutionGuid = {F2A3EEAC-939F-460D-A9B7-20298E762FDA}
	EndGlobalSection
EndGlobal
