
Microsoft Visual Studio Solution File, Format Version 12.00
# Visual Studio 15
VisualStudioVersion = 15.0.27130.2027
MinimumVisualStudioVersion = 10.0.40219.1
Project("{FAE04EC0-301F-11D3-BF4B-00C04F79EFBC}") = "Q1", "Q1\Q1.csproj", "{ADAC7AC6-DDD7-4C26-BC1A-E54751523947}"
EndProject
Project("{FAE04EC0-301F-11D3-BF4B-00C04F79EFBC}") = "Q1Tests", "Q1Tests\Q1Tests.csproj", "{C6D754C7-2C3A-4404-BB23-EABC6C4867A7}"
EndProject
Global
	GlobalSection(SolutionConfigurationPlatforms) = preSolution
		Debug|Any CPU = Debug|Any CPU
		Release|Any CPU = Release|Any CPU
	EndGlobalSection
	GlobalSection(ProjectConfigurationPlatforms) = postSolution
		{ADAC7AC6-DDD7-4C26-BC1A-E54751523947}.Debug|Any CPU.ActiveCfg = Debug|Any CPU
		{ADAC7AC6-DDD7-4C26-BC1A-E54751523947}.Debug|Any CPU.Build.0 = Debug|Any CPU
		{ADAC7AC6-DDD7-4C26-BC1A-E54751523947}.Release|Any CPU.ActiveCfg = Release|Any CPU
		{ADAC7AC6-DDD7-4C26-BC1A-E54751523947}.Release|Any CPU.Build.0 = Release|Any CPU
		{C6D754C7-2C3A-4404-BB23-EABC6C4867A7}.Debug|Any CPU.ActiveCfg = Debug|Any CPU
		{C6D754C7-2C3A-4404-BB23-EABC6C4867A7}.Debug|Any CPU.Build.0 = Debug|Any CPU
		{C6D754C7-2C3A-4404-BB23-EABC6C4867A7}.Release|Any CPU.ActiveCfg = Release|Any CPU
		{C6D754C7-2C3A-4404-BB23-EABC6C4867A7}.Release|Any CPU.Build.0 = Release|Any CPU
	EndGlobalSection
	GlobalSection(SolutionProperties) = preSolution
		HideSolutionNode = FALSE
	EndGlobalSection
	GlobalSection(ExtensibilityGlobals) = postSolution
		SolutionGuid = {8E7F9237-E2B7-42B7-8515-A3BCAE08C7DD}
	EndGlobalSection
EndGlobal
